
Microsoft Visual Studio Solution File, Format Version 12.00
# Visual Studio 15
VisualStudioVersion = 15.0.28010.2050
MinimumVisualStudioVersion = 10.0.40219.1
Project("{FAE04EC0-301F-11D3-BF4B-00C04F79EFBC}") = "DailyPlanner", "DailyPlanner\DailyPlanner.csproj", "{2D472D9E-0C53-49AA-A7E7-6E792E853DFD}"
EndProject
Project("{FAE04EC0-301F-11D3-BF4B-00C04F79EFBC}") = "DataAccessLayer", "DataAccessLayer\DataAccessLayer.csproj", "{C70FEDAD-DC6C-4B04-9769-D79E7F3DD8F7}"
EndProject
Project("{FAE04EC0-301F-11D3-BF4B-00C04F79EFBC}") = "BusinessLogic", "BusinessLogic\BusinessLogic.csproj", "{02912805-0750-4150-93F0-327302A9EFBF}"
EndProject
Global
	GlobalSection(SolutionConfigurationPlatforms) = preSolution
		Debug|Any CPU = Debug|Any CPU
		Release|Any CPU = Release|Any CPU
	EndGlobalSection
	GlobalSection(ProjectConfigurationPlatforms) = postSolution
		{2D472D9E-0C53-49AA-A7E7-6E792E853DFD}.Debug|Any CPU.ActiveCfg = Debug|Any CPU
		{2D472D9E-0C53-49AA-A7E7-6E792E853DFD}.Debug|Any CPU.Build.0 = Debug|Any CPU
		{2D472D9E-0C53-49AA-A7E7-6E792E853DFD}.Release|Any CPU.ActiveCfg = Release|Any CPU
		{2D472D9E-0C53-49AA-A7E7-6E792E853DFD}.Release|Any CPU.Build.0 = Release|Any CPU
		{C70FEDAD-DC6C-4B04-9769-D79E7F3DD8F7}.Debug|Any CPU.ActiveCfg = Debug|Any CPU
		{C70FEDAD-DC6C-4B04-9769-D79E7F3DD8F7}.Debug|Any CPU.Build.0 = Debug|Any CPU
		{C70FEDAD-DC6C-4B04-9769-D79E7F3DD8F7}.Release|Any CPU.ActiveCfg = Release|Any CPU
		{C70FEDAD-DC6C-4B04-9769-D79E7F3DD8F7}.Release|Any CPU.Build.0 = Release|Any CPU
		{02912805-0750-4150-93F0-327302A9EFBF}.Debug|Any CPU.ActiveCfg = Debug|Any CPU
		{02912805-0750-4150-93F0-327302A9EFBF}.Debug|Any CPU.Build.0 = Debug|Any CPU
		{02912805-0750-4150-93F0-327302A9EFBF}.Release|Any CPU.ActiveCfg = Release|Any CPU
		{02912805-0750-4150-93F0-327302A9EFBF}.Release|Any CPU.Build.0 = Release|Any CPU
	EndGlobalSection
	GlobalSection(SolutionProperties) = preSolution
		HideSolutionNode = FALSE
	EndGlobalSection
	GlobalSection(ExtensibilityGlobals) = postSolution
		SolutionGuid = {2687D134-D50B-4C33-B519-468D3EA46D19}
	EndGlobalSection
EndGlobal
